
Microsoft Visual Studio Solution File, Format Version 12.00
# Visual Studio Version 17
VisualStudioVersion = 17.2.32630.192
MinimumVisualStudioVersion = 10.0.40219.1
Project("{2150E333-8FDC-42A3-9474-1A3956D46DE8}") = "build", "build", "{E4021E55-AF84-4EF5-85B5-C3E7DAF46C16}"
	ProjectSection(SolutionItems) = preProject
		build\azure-pipelines-dev.yml = build\azure-pipelines-dev.yml
		build\azure-pipelines-main.yml = build\azure-pipelines-main.yml
	EndProjectSection
EndProject
Project("{2150E333-8FDC-42A3-9474-1A3956D46DE8}") = "misc", "misc", "{0CCD19EB-4C00-40FD-BCBB-EA3A01EB249F}"
	ProjectSection(SolutionItems) = preProject
		misc\changelog.txt = misc\changelog.txt
		misc\links.txt = misc\links.txt
		misc\todo.txt = misc\todo.txt
	EndProjectSection
EndProject
Project("{2150E333-8FDC-42A3-9474-1A3956D46DE8}") = "nuget", "nuget", "{6C5E011F-5124-473E-90E5-A485204502C2}"
	ProjectSection(SolutionItems) = preProject
		nuget\TauCode.MailServer.nuspec = nuget\TauCode.MailServer.nuspec
	EndProjectSection
EndProject
Project("{2150E333-8FDC-42A3-9474-1A3956D46DE8}") = "src", "src", "{C0CDF84C-67C4-4E72-9C7A-6745E5C92D15}"
EndProject
Project("{2150E333-8FDC-42A3-9474-1A3956D46DE8}") = "test", "test", "{F5C074DA-1E80-4D1D-B4E9-7F032F0FC461}"
EndProject
Project("{FAE04EC0-301F-11D3-BF4B-00C04F79EFBC}") = "TauCode.MailServer", "src\TauCode.MailServer\TauCode.MailServer.csproj", "{31357872-56B0-4C54-9446-B5ABCFF72B82}"
EndProject
Project("{FAE04EC0-301F-11D3-BF4B-00C04F79EFBC}") = "TauCode.MailServer.Tests", "test\TauCode.MailServer.Tests\TauCode.MailServer.Tests.csproj", "{AE50850A-4928-4B36-BDD0-8453C358ADE1}"
EndProject
Global
	GlobalSection(SolutionConfigurationPlatforms) = preSolution
		Debug|Any CPU = Debug|Any CPU
		Release|Any CPU = Release|Any CPU
	EndGlobalSection
	GlobalSection(ProjectConfigurationPlatforms) = postSolution
		{31357872-56B0-4C54-9446-B5ABCFF72B82}.Debug|Any CPU.ActiveCfg = Debug|Any CPU
		{31357872-56B0-4C54-9446-B5ABCFF72B82}.Debug|Any CPU.Build.0 = Debug|Any CPU
		{31357872-56B0-4C54-9446-B5ABCFF72B82}.Release|Any CPU.ActiveCfg = Release|Any CPU
		{31357872-56B0-4C54-9446-B5ABCFF72B82}.Release|Any CPU.Build.0 = Release|Any CPU
		{AE50850A-4928-4B36-BDD0-8453C358ADE1}.Debug|Any CPU.ActiveCfg = Debug|Any CPU
		{AE50850A-4928-4B36-BDD0-8453C358ADE1}.Debug|Any CPU.Build.0 = Debug|Any CPU
		{AE50850A-4928-4B36-BDD0-8453C358ADE1}.Release|Any CPU.ActiveCfg = Release|Any CPU
		{AE50850A-4928-4B36-BDD0-8453C358ADE1}.Release|Any CPU.Build.0 = Release|Any CPU
	EndGlobalSection
	GlobalSection(SolutionProperties) = preSolution
		HideSolutionNode = FALSE
	EndGlobalSection
	GlobalSection(NestedProjects) = preSolution
		{31357872-56B0-4C54-9446-B5ABCFF72B82} = {C0CDF84C-67C4-4E72-9C7A-6745E5C92D15}
		{AE50850A-4928-4B36-BDD0-8453C358ADE1} = {F5C074DA-1E80-4D1D-B4E9-7F032F0FC461}
	EndGlobalSection
	GlobalSection(ExtensibilityGlobals) = postSolution
		SolutionGuid = {E75AC3E3-52E2-4C37-8F29-D2A18A8561DF}
	EndGlobalSection
EndGlobal
